
Microsoft Visual Studio Solution File, Format Version 12.00
# Visual Studio Version 17
VisualStudioVersion = 17.5.33516.290
MinimumVisualStudioVersion = 10.0.40219.1
Project("{FAE04EC0-301F-11D3-BF4B-00C04F79EFBC}") = "kp6", "kp6\kp6.csproj", "{893A6343-8023-4203-A1D9-FC141B042F81}"
EndProject
Global
	GlobalSection(SolutionConfigurationPlatforms) = preSolution
		Debug|Any CPU = Debug|Any CPU
		Release|Any CPU = Release|Any CPU
	EndGlobalSection
	GlobalSection(ProjectConfigurationPlatforms) = postSolution
		{893A6343-8023-4203-A1D9-FC141B042F81}.Debug|Any CPU.ActiveCfg = Debug|Any CPU
		{893A6343-8023-4203-A1D9-FC141B042F81}.Debug|Any CPU.Build.0 = Debug|Any CPU
		{893A6343-8023-4203-A1D9-FC141B042F81}.Release|Any CPU.ActiveCfg = Release|Any CPU
		{893A6343-8023-4203-A1D9-FC141B042F81}.Release|Any CPU.Build.0 = Release|Any CPU
	EndGlobalSection
	GlobalSection(SolutionProperties) = preSolution
		HideSolutionNode = FALSE
	EndGlobalSection
	GlobalSection(ExtensibilityGlobals) = postSolution
		SolutionGuid = {E3229B52-84F7-4B8A-AE2B-DD54D1C78F5C}
	EndGlobalSection
EndGlobal
